
Microsoft Visual Studio Solution File, Format Version 12.00
# Visual Studio Version 16
VisualStudioVersion = 16.0.31402.337
MinimumVisualStudioVersion = 10.0.40219.1
Project("{FAE04EC0-301F-11D3-BF4B-00C04F79EFBC}") = "aplikacja 2", "aplikacja 2\aplikacja 2.csproj", "{92CE288A-DB10-4A51-B0E2-D236DE990D00}"
EndProject
Global
	GlobalSection(SolutionConfigurationPlatforms) = preSolution
		Debug|Any CPU = Debug|Any CPU
		Release|Any CPU = Release|Any CPU
	EndGlobalSection
	GlobalSection(ProjectConfigurationPlatforms) = postSolution
		{92CE288A-DB10-4A51-B0E2-D236DE990D00}.Debug|Any CPU.ActiveCfg = Debug|Any CPU
		{92CE288A-DB10-4A51-B0E2-D236DE990D00}.Debug|Any CPU.Build.0 = Debug|Any CPU
		{92CE288A-DB10-4A51-B0E2-D236DE990D00}.Release|Any CPU.ActiveCfg = Release|Any CPU
		{92CE288A-DB10-4A51-B0E2-D236DE990D00}.Release|Any CPU.Build.0 = Release|Any CPU
	EndGlobalSection
	GlobalSection(SolutionProperties) = preSolution
		HideSolutionNode = FALSE
	EndGlobalSection
	GlobalSection(ExtensibilityGlobals) = postSolution
		SolutionGuid = {FD0C8B1E-0A5B-48A4-8AB9-1D257F83ECF8}
	EndGlobalSection
EndGlobal
